<Solution>
  <Folder Name="/src/">
    <Project Path="src/ATENtion.App/ATENtion.App.csproj" />
    <Project Path="src/ATENtion.Capture/ATENtion.Capture.csproj" />
    <Project Path="src/ATENtion.Core/ATENtion.Core.csproj" />
  </Folder>
  <Folder Name="/tests/">
    <Project Path="tests/ATENtion.App.Tests/ATENtion.App.Tests.csproj" />
    <Project Path="tests/ATENtion.Tests/ATENtion.Tests.csproj" />
  </Folder>
</Solution>
